
Microsoft Visual Studio Solution File, Format Version 11.00
# Visual Studio 2010
Project("{FAE04EC0-301F-11D3-BF4B-00C04F79EFBC}") = "R7.University", "R7.University\R7.University.csproj", "{8E8B70C4-FFD8-47E2-B8D0-A89E08FB4124}"
EndProject
Project("{FAE04EC0-301F-11D3-BF4B-00C04F79EFBC}") = "R7.University.Launchpad", "R7.University.Launchpad\R7.University.Launchpad.csproj", "{438F599E-41B4-4057-BFAA-FAA698E052DD}"
EndProject
Project("{FAE04EC0-301F-11D3-BF4B-00C04F79EFBC}") = "R7.University.Employee", "R7.University.Employee\R7.University.Employee.csproj", "{755C907B-A0E7-486E-83E5-AF4E01A75513}"
EndProject
Project("{FAE04EC0-301F-11D3-BF4B-00C04F79EFBC}") = "R7.University.EmployeeList", "R7.University.EmployeeList\R7.University.EmployeeList.csproj", "{673580C4-8B46-4B23-8D8F-A279C2D1CBAC}"
EndProject
Project("{FAE04EC0-301F-11D3-BF4B-00C04F79EFBC}") = "R7.University.Division", "R7.University.Division\R7.University.Division.csproj", "{E0596572-FD2D-40F2-83FD-98BA2C53A9D8}"
EndProject
Project("{FAE04EC0-301F-11D3-BF4B-00C04F79EFBC}") = "R7.University.EmployeeDirectory", "R7.University.EmployeeDirectory\R7.University.EmployeeDirectory.csproj", "{62B46E9B-FD2E-4A8A-8D63-7EE8826A380B}"
EndProject
Project("{FAE04EC0-301F-11D3-BF4B-00C04F79EFBC}") = "R7.University.DivisionDirectory", "R7.University.DivisionDirectory\R7.University.DivisionDirectory.csproj", "{D76E76D0-18E9-487E-825A-4C18123A48F4}"
EndProject
Project("{FAE04EC0-301F-11D3-BF4B-00C04F79EFBC}") = "R7.University.EduProgramDirectory", "R7.University.EduProgramDirectory\R7.University.EduProgramDirectory.csproj", "{C6B64609-D737-435C-8C58-5BF0CE1C9F51}"
EndProject
Project("{FAE04EC0-301F-11D3-BF4B-00C04F79EFBC}") = "R7.University.EduProgramProfileDirectory", "R7.University.EduProgramProfileDirectory\R7.University.EduProgramProfileDirectory.csproj", "{6734EECF-00F2-4870-99E1-7C893069B0D7}"
EndProject
Project("{FAE04EC0-301F-11D3-BF4B-00C04F79EFBC}") = "Packaging", "Packaging\Packaging.csproj", "{0497C4E5-75E1-4835-9C35-2B35F84AF212}"
EndProject
Project("{2150E333-8FDC-42A3-9474-1A3956D46DE8}") = "Solution Items", "Solution Items", "{F2BE5786-FE07-495C-8F22-7E4405D6966E}"
	ProjectSection(SolutionItems) = preProject
		README.md = README.md
		LICENSE.md = LICENSE.md
	EndProjectSection
EndProject
Project("{FAE04EC0-301F-11D3-BF4B-00C04F79EFBC}") = "R7.University.Tests", "R7.University.Tests\R7.University.Tests.csproj", "{A503A49E-D291-4125-B5D8-A7FE8D7C6ED2}"
EndProject
Project("{FAE04EC0-301F-11D3-BF4B-00C04F79EFBC}") = "R7.University.EduProgram", "R7.University.EduProgram\R7.University.EduProgram.csproj", "{71EEFF26-83B2-462A-A809-AB887A905003}"
EndProject
Global
	GlobalSection(SolutionConfigurationPlatforms) = preSolution
		Debug|Any CPU = Debug|Any CPU
		Release|Any CPU = Release|Any CPU
	EndGlobalSection
	GlobalSection(ProjectConfigurationPlatforms) = postSolution
		{0497C4E5-75E1-4835-9C35-2B35F84AF212}.Debug|Any CPU.ActiveCfg = Debug|Any CPU
		{0497C4E5-75E1-4835-9C35-2B35F84AF212}.Debug|Any CPU.Build.0 = Debug|Any CPU
		{0497C4E5-75E1-4835-9C35-2B35F84AF212}.Release|Any CPU.ActiveCfg = Release|Any CPU
		{0497C4E5-75E1-4835-9C35-2B35F84AF212}.Release|Any CPU.Build.0 = Release|Any CPU
		{438F599E-41B4-4057-BFAA-FAA698E052DD}.Debug|Any CPU.ActiveCfg = Debug|Any CPU
		{438F599E-41B4-4057-BFAA-FAA698E052DD}.Debug|Any CPU.Build.0 = Debug|Any CPU
		{438F599E-41B4-4057-BFAA-FAA698E052DD}.Release|Any CPU.ActiveCfg = Release|Any CPU
		{438F599E-41B4-4057-BFAA-FAA698E052DD}.Release|Any CPU.Build.0 = Release|Any CPU
		{62B46E9B-FD2E-4A8A-8D63-7EE8826A380B}.Debug|Any CPU.ActiveCfg = Debug|Any CPU
		{62B46E9B-FD2E-4A8A-8D63-7EE8826A380B}.Debug|Any CPU.Build.0 = Debug|Any CPU
		{62B46E9B-FD2E-4A8A-8D63-7EE8826A380B}.Release|Any CPU.ActiveCfg = Release|Any CPU
		{62B46E9B-FD2E-4A8A-8D63-7EE8826A380B}.Release|Any CPU.Build.0 = Release|Any CPU
		{6734EECF-00F2-4870-99E1-7C893069B0D7}.Debug|Any CPU.ActiveCfg = Debug|Any CPU
		{6734EECF-00F2-4870-99E1-7C893069B0D7}.Debug|Any CPU.Build.0 = Debug|Any CPU
		{6734EECF-00F2-4870-99E1-7C893069B0D7}.Release|Any CPU.ActiveCfg = Release|Any CPU
		{6734EECF-00F2-4870-99E1-7C893069B0D7}.Release|Any CPU.Build.0 = Release|Any CPU
		{673580C4-8B46-4B23-8D8F-A279C2D1CBAC}.Debug|Any CPU.ActiveCfg = Debug|Any CPU
		{673580C4-8B46-4B23-8D8F-A279C2D1CBAC}.Debug|Any CPU.Build.0 = Debug|Any CPU
		{673580C4-8B46-4B23-8D8F-A279C2D1CBAC}.Release|Any CPU.ActiveCfg = Release|Any CPU
		{673580C4-8B46-4B23-8D8F-A279C2D1CBAC}.Release|Any CPU.Build.0 = Release|Any CPU
		{71EEFF26-83B2-462A-A809-AB887A905003}.Debug|Any CPU.ActiveCfg = Debug|Any CPU
		{71EEFF26-83B2-462A-A809-AB887A905003}.Debug|Any CPU.Build.0 = Debug|Any CPU
		{71EEFF26-83B2-462A-A809-AB887A905003}.Release|Any CPU.ActiveCfg = Release|Any CPU
		{71EEFF26-83B2-462A-A809-AB887A905003}.Release|Any CPU.Build.0 = Release|Any CPU
		{755C907B-A0E7-486E-83E5-AF4E01A75513}.Debug|Any CPU.ActiveCfg = Debug|Any CPU
		{755C907B-A0E7-486E-83E5-AF4E01A75513}.Debug|Any CPU.Build.0 = Debug|Any CPU
		{755C907B-A0E7-486E-83E5-AF4E01A75513}.Release|Any CPU.ActiveCfg = Release|Any CPU
		{755C907B-A0E7-486E-83E5-AF4E01A75513}.Release|Any CPU.Build.0 = Release|Any CPU
		{8E8B70C4-FFD8-47E2-B8D0-A89E08FB4124}.Debug|Any CPU.ActiveCfg = Debug|Any CPU
		{8E8B70C4-FFD8-47E2-B8D0-A89E08FB4124}.Debug|Any CPU.Build.0 = Debug|Any CPU
		{8E8B70C4-FFD8-47E2-B8D0-A89E08FB4124}.Release|Any CPU.ActiveCfg = Release|Any CPU
		{8E8B70C4-FFD8-47E2-B8D0-A89E08FB4124}.Release|Any CPU.Build.0 = Release|Any CPU
		{A503A49E-D291-4125-B5D8-A7FE8D7C6ED2}.Debug|Any CPU.ActiveCfg = Debug|Any CPU
		{A503A49E-D291-4125-B5D8-A7FE8D7C6ED2}.Debug|Any CPU.Build.0 = Debug|Any CPU
		{A503A49E-D291-4125-B5D8-A7FE8D7C6ED2}.Release|Any CPU.ActiveCfg = Release|Any CPU
		{A503A49E-D291-4125-B5D8-A7FE8D7C6ED2}.Release|Any CPU.Build.0 = Release|Any CPU
		{C6B64609-D737-435C-8C58-5BF0CE1C9F51}.Debug|Any CPU.ActiveCfg = Debug|Any CPU
		{C6B64609-D737-435C-8C58-5BF0CE1C9F51}.Debug|Any CPU.Build.0 = Debug|Any CPU
		{C6B64609-D737-435C-8C58-5BF0CE1C9F51}.Release|Any CPU.ActiveCfg = Release|Any CPU
		{C6B64609-D737-435C-8C58-5BF0CE1C9F51}.Release|Any CPU.Build.0 = Release|Any CPU
		{D76E76D0-18E9-487E-825A-4C18123A48F4}.Debug|Any CPU.ActiveCfg = Debug|Any CPU
		{D76E76D0-18E9-487E-825A-4C18123A48F4}.Debug|Any CPU.Build.0 = Debug|Any CPU
		{D76E76D0-18E9-487E-825A-4C18123A48F4}.Release|Any CPU.ActiveCfg = Release|Any CPU
		{D76E76D0-18E9-487E-825A-4C18123A48F4}.Release|Any CPU.Build.0 = Release|Any CPU
		{E0596572-FD2D-40F2-83FD-98BA2C53A9D8}.Debug|Any CPU.ActiveCfg = Debug|Any CPU
		{E0596572-FD2D-40F2-83FD-98BA2C53A9D8}.Debug|Any CPU.Build.0 = Debug|Any CPU
		{E0596572-FD2D-40F2-83FD-98BA2C53A9D8}.Release|Any CPU.ActiveCfg = Release|Any CPU
		{E0596572-FD2D-40F2-83FD-98BA2C53A9D8}.Release|Any CPU.Build.0 = Release|Any CPU
	EndGlobalSection
	GlobalSection(NestedProjects) = preSolution
	EndGlobalSection
	GlobalSection(MonoDevelopProperties) = preSolution
		Policies = $0
		$0.TextStylePolicy = $1
		$1.inheritsSet = null
		$1.scope = text/x-csharp
		$0.CSharpFormattingPolicy = $2
		$2.IndentSwitchBody = True
		$2.IndentBlocksInsideExpressions = True
		$2.PropertyBraceStyle = NextLine
		$2.EventBraceStyle = NextLine
		$2.ElseNewLinePlacement = NewLine
		$2.CatchNewLinePlacement = NewLine
		$2.FinallyNewLinePlacement = NewLine
		$2.ArrayInitializerBraceStyle = NextLine
		$2.NewLineBeforeConstructorInitializerColon = SameLine
		$2.AfterDelegateDeclarationParameterComma = True
		$2.BeforeSizeOfParentheses = True
		$2.BeforeTypeOfParentheses = True
		$2.SpacesAfterTypecast = True
		$2.SpacesBeforeArrayDeclarationBrackets = True
		$2.BlankLinesBeforeUsings = 1
		$2.MethodCallArgumentWrapping = WrapIfTooLong
		$2.MethodDeclarationParameterWrapping = WrapIfTooLong
		$2.AlignToFirstMethodDeclarationParameter = False
		$2.IndexerDeclarationParameterWrapping = WrapIfTooLong
		$2.AlignToFirstIndexerDeclarationParameter = False
		$2.IndexerArgumentWrapping = WrapIfTooLong
		$2.inheritsSet = Mono
		$2.inheritsScope = text/x-csharp
		$2.scope = text/x-csharp
		$0.TextStylePolicy = $3
		$3.FileWidth = 120
		$3.NoTabsAfterNonTabs = True
		$3.inheritsSet = VisualStudio
		$3.inheritsScope = text/plain
		$3.scope = text/plain
		$0.TextStylePolicy = $4
		$4.inheritsSet = null
		$4.scope = text/css
		$0.TextStylePolicy = $5
		$5.inheritsSet = null
		$5.scope = application/x-ascx
		$0.TextStylePolicy = $6
		$6.inheritsSet = null
		$6.scope = application/javascript
		$0.TextStylePolicy = $7
		$7.inheritsSet = null
		$7.scope = text/microsoft-resx
		$0.XmlFormattingPolicy = $8
		$8.inheritsSet = null
		$8.scope = text/microsoft-resx
		$0.TextStylePolicy = $9
		$9.inheritsSet = null
		$9.scope = application/xml
		$0.XmlFormattingPolicy = $10
		$10.inheritsSet = Mono
		$10.inheritsScope = application/xml
		$10.scope = application/xml
		$0.TextStylePolicy = $11
		$11.inheritsSet = null
		$11.scope = application/x-csproject
		$0.XmlFormattingPolicy = $12
		$12.inheritsSet = null
		$12.scope = application/x-csproject
		$0.TextStylePolicy = $13
		$13.inheritsSet = null
		$13.scope = application/x-msbuild
		$0.XmlFormattingPolicy = $14
		$14.inheritsSet = null
		$14.scope = application/x-msbuild
		$0.DotNetNamingPolicy = $15
		$15.DirectoryNamespaceAssociation = PrefixedHierarchical
		$15.ResourceNamePolicy = FileFormatDefault
		$0.StandardHeader = $16
		$16.Text = @ \n ${FileName}\n \n Author:\n      ${AuthorName} <${AuthorEmail}>\n\n Copyright (c) ${Year} ${CopyrightHolder}\n\n This program is free software: you can redistribute it and/or modify\n it under the terms of the GNU General Public License as published by\n the Free Software Foundation, either version 3 of the License, or\n (at your option) any later version.\n\n This program is distributed in the hope that it will be useful,\n but WITHOUT ANY WARRANTY; without even the implied warranty of\n MERCHANTABILITY or FITNESS FOR A PARTICULAR PURPOSE.  See the\n GNU General Public License for more details.\n\n You should have received a copy of the GNU General Public License\n along with this program.  If not, see <http://www.gnu.org/licenses/>.
		$16.IncludeInNewFiles = True
		$0.NameConventionPolicy = $17
		$17.Rules = $18
		$18.NamingRule = $19
		$19.Name = Namespaces
		$19.AffectedEntity = Namespace
		$19.VisibilityMask = VisibilityMask
		$19.NamingStyle = PascalCase
		$19.IncludeInstanceMembers = True
		$19.IncludeStaticEntities = True
		$18.NamingRule = $20
		$20.Name = Types
		$20.AffectedEntity = Class, Struct, Enum, Delegate
		$20.VisibilityMask = Public
		$20.NamingStyle = PascalCase
		$20.IncludeInstanceMembers = True
		$20.IncludeStaticEntities = True
		$18.NamingRule = $21
		$21.Name = Interfaces
		$21.RequiredPrefixes = $22
		$22.String = I
		$21.AffectedEntity = Interface
		$21.VisibilityMask = Public
		$21.NamingStyle = PascalCase
		$21.IncludeInstanceMembers = True
		$21.IncludeStaticEntities = True
		$18.NamingRule = $23
		$23.Name = Attributes
		$23.RequiredSuffixes = $24
		$24.String = Attribute
		$23.AffectedEntity = CustomAttributes
		$23.VisibilityMask = Public
		$23.NamingStyle = PascalCase
		$23.IncludeInstanceMembers = True
		$23.IncludeStaticEntities = True
		$18.NamingRule = $25
		$25.Name = Event Arguments
		$25.RequiredSuffixes = $26
		$26.String = EventArgs
		$25.AffectedEntity = CustomEventArgs
		$25.VisibilityMask = Public
		$25.NamingStyle = PascalCase
		$25.IncludeInstanceMembers = True
		$25.IncludeStaticEntities = True
		$18.NamingRule = $27
		$27.Name = Exceptions
		$27.RequiredSuffixes = $28
		$28.String = Exception
		$27.AffectedEntity = CustomExceptions
		$27.VisibilityMask = VisibilityMask
		$27.NamingStyle = PascalCase
		$27.IncludeInstanceMembers = True
		$27.IncludeStaticEntities = True
		$18.NamingRule = $29
		$29.Name = Methods
		$29.AffectedEntity = Methods
		$29.VisibilityMask = Protected, Public
		$29.NamingStyle = PascalCaseWithUpperLetterUnderscore
		$29.IncludeInstanceMembers = True
		$29.IncludeStaticEntities = True
		$18.NamingRule = $30
		$30.Name = Static Readonly Fields
		$30.AffectedEntity = ReadonlyField
		$30.VisibilityMask = Protected, Public
		$30.NamingStyle = PascalCase
		$30.IncludeInstanceMembers = False
		$30.IncludeStaticEntities = True
		$18.NamingRule = $31
		$31.Name = Fields
		$31.AffectedEntity = Field
		$31.VisibilityMask = Protected, Public
		$31.NamingStyle = PascalCase
		$31.IncludeInstanceMembers = True
		$31.IncludeStaticEntities = True
		$18.NamingRule = $32
		$32.Name = ReadOnly Fields
		$32.AffectedEntity = ReadonlyField
		$32.VisibilityMask = Protected, Public
		$32.NamingStyle = PascalCase
		$32.IncludeInstanceMembers = True
		$32.IncludeStaticEntities = False
		$18.NamingRule = $33
		$33.Name = Constant Fields
		$33.AffectedEntity = ConstantField
		$33.VisibilityMask = Protected, Public
		$33.NamingStyle = PascalCase
		$33.IncludeInstanceMembers = True
		$33.IncludeStaticEntities = True
		$18.NamingRule = $34
		$34.Name = Properties
		$34.AffectedEntity = Property
		$34.VisibilityMask = Protected, Public
		$34.NamingStyle = PascalCase
		$34.IncludeInstanceMembers = True
		$34.IncludeStaticEntities = True
		$18.NamingRule = $35
		$35.Name = Events
		$35.AffectedEntity = Event
		$35.VisibilityMask = Protected, Public
		$35.NamingStyle = PascalCase
		$35.IncludeInstanceMembers = True
		$35.IncludeStaticEntities = True
		$18.NamingRule = $36
		$36.Name = Enum Members
		$36.AffectedEntity = EnumMember
		$36.VisibilityMask = VisibilityMask
		$36.NamingStyle = PascalCase
		$36.IncludeInstanceMembers = True
		$36.IncludeStaticEntities = True
		$18.NamingRule = $37
		$37.Name = Parameters
		$37.AffectedEntity = Parameter
		$37.VisibilityMask = VisibilityMask
		$37.NamingStyle = CamelCase
		$37.IncludeInstanceMembers = True
		$37.IncludeStaticEntities = True
		$18.NamingRule = $38
		$38.Name = Type Parameters
		$38.RequiredPrefixes = $39
		$39.String = T
		$38.AffectedEntity = TypeParameter
		$38.VisibilityMask = VisibilityMask
		$38.NamingStyle = PascalCase
		$38.IncludeInstanceMembers = True
		$38.IncludeStaticEntities = True
		$0.TextStylePolicy = $40
		$40.inheritsSet = null
		$40.scope = image/svg+xml
		$0.XmlFormattingPolicy = $41
		$41.inheritsSet = null
		$41.scope = image/svg+xml
		$0.TextStylePolicy = $42
		$42.inheritsSet = null
		$42.scope = application/config+xml
		$0.XmlFormattingPolicy = $43
		$43.inheritsSet = null
		$43.scope = application/config+xml
		$0.VersionControlPolicy = $44
		$44.CommitMessageStyle = $45
		$45.FileSeparator = ", "
		$45.LastFilePostfix = @:\n
		$45.LineAlign = 0
		$45.IncludeDirectoryPaths = True
		$44.inheritsSet = Mono
		version = 1.10.1
	EndGlobalSection
EndGlobal
