
Microsoft Visual Studio Solution File, Format Version 11.00
# Visual Studio 2010
Project("{FAE04EC0-301F-11D3-BF4B-00C04F79EFBC}") = "R7.University", "R7.University\R7.University.csproj", "{8E8B70C4-FFD8-47E2-B8D0-A89E08FB4124}"
EndProject
Project("{FAE04EC0-301F-11D3-BF4B-00C04F79EFBC}") = "R7.University.Launchpad", "R7.University.Launchpad\R7.University.Launchpad.csproj", "{438F599E-41B4-4057-BFAA-FAA698E052DD}"
EndProject
Project("{FAE04EC0-301F-11D3-BF4B-00C04F79EFBC}") = "R7.University.Employee", "R7.University.Employee\R7.University.Employee.csproj", "{755C907B-A0E7-486E-83E5-AF4E01A75513}"
EndProject
Project("{FAE04EC0-301F-11D3-BF4B-00C04F79EFBC}") = "R7.University.EmployeeList", "R7.University.EmployeeList\R7.University.EmployeeList.csproj", "{673580C4-8B46-4B23-8D8F-A279C2D1CBAC}"
EndProject
Project("{FAE04EC0-301F-11D3-BF4B-00C04F79EFBC}") = "R7.University.Division", "R7.University.Division\R7.University.Division.csproj", "{E0596572-FD2D-40F2-83FD-98BA2C53A9D8}"
EndProject
Project("{FAE04EC0-301F-11D3-BF4B-00C04F79EFBC}") = "R7.University.EmployeeDirectory", "R7.University.EmployeeDirectory\R7.University.EmployeeDirectory.csproj", "{62B46E9B-FD2E-4A8A-8D63-7EE8826A380B}"
EndProject
Project("{FAE04EC0-301F-11D3-BF4B-00C04F79EFBC}") = "R7.University.DivisionDirectory", "R7.University.DivisionDirectory\R7.University.DivisionDirectory.csproj", "{D76E76D0-18E9-487E-825A-4C18123A48F4}"
EndProject
Project("{FAE04EC0-301F-11D3-BF4B-00C04F79EFBC}") = "R7.University.EduProgramDirectory", "R7.University.EduProgramDirectory\R7.University.EduProgramDirectory.csproj", "{C6B64609-D737-435C-8C58-5BF0CE1C9F51}"
EndProject
Project("{FAE04EC0-301F-11D3-BF4B-00C04F79EFBC}") = "Packaging", "Packaging\Packaging.csproj", "{0497C4E5-75E1-4835-9C35-2B35F84AF212}"
EndProject
Project("{2150E333-8FDC-42A3-9474-1A3956D46DE8}") = "Solution Items", "Solution Items", "{F2BE5786-FE07-495C-8F22-7E4405D6966E}"
	ProjectSection(SolutionItems) = preProject
		README.md = README.md
		LICENSE.md = LICENSE.md
	EndProjectSection
EndProject
Global
	GlobalSection(SolutionConfigurationPlatforms) = preSolution
		Debug|Any CPU = Debug|Any CPU
		Release|Any CPU = Release|Any CPU
	EndGlobalSection
	GlobalSection(ProjectConfigurationPlatforms) = postSolution
		{0497C4E5-75E1-4835-9C35-2B35F84AF212}.Debug|Any CPU.ActiveCfg = Debug|Any CPU
		{0497C4E5-75E1-4835-9C35-2B35F84AF212}.Debug|Any CPU.Build.0 = Debug|Any CPU
		{0497C4E5-75E1-4835-9C35-2B35F84AF212}.Release|Any CPU.ActiveCfg = Release|Any CPU
		{0497C4E5-75E1-4835-9C35-2B35F84AF212}.Release|Any CPU.Build.0 = Release|Any CPU
		{438F599E-41B4-4057-BFAA-FAA698E052DD}.Debug|Any CPU.ActiveCfg = Debug|Any CPU
		{438F599E-41B4-4057-BFAA-FAA698E052DD}.Debug|Any CPU.Build.0 = Debug|Any CPU
		{438F599E-41B4-4057-BFAA-FAA698E052DD}.Release|Any CPU.ActiveCfg = Release|Any CPU
		{438F599E-41B4-4057-BFAA-FAA698E052DD}.Release|Any CPU.Build.0 = Release|Any CPU
		{62B46E9B-FD2E-4A8A-8D63-7EE8826A380B}.Debug|Any CPU.ActiveCfg = Debug|Any CPU
		{62B46E9B-FD2E-4A8A-8D63-7EE8826A380B}.Debug|Any CPU.Build.0 = Debug|Any CPU
		{62B46E9B-FD2E-4A8A-8D63-7EE8826A380B}.Release|Any CPU.ActiveCfg = Release|Any CPU
		{62B46E9B-FD2E-4A8A-8D63-7EE8826A380B}.Release|Any CPU.Build.0 = Release|Any CPU
		{673580C4-8B46-4B23-8D8F-A279C2D1CBAC}.Debug|Any CPU.ActiveCfg = Debug|Any CPU
		{673580C4-8B46-4B23-8D8F-A279C2D1CBAC}.Debug|Any CPU.Build.0 = Debug|Any CPU
		{673580C4-8B46-4B23-8D8F-A279C2D1CBAC}.Release|Any CPU.ActiveCfg = Release|Any CPU
		{673580C4-8B46-4B23-8D8F-A279C2D1CBAC}.Release|Any CPU.Build.0 = Release|Any CPU
		{755C907B-A0E7-486E-83E5-AF4E01A75513}.Debug|Any CPU.ActiveCfg = Debug|Any CPU
		{755C907B-A0E7-486E-83E5-AF4E01A75513}.Debug|Any CPU.Build.0 = Debug|Any CPU
		{755C907B-A0E7-486E-83E5-AF4E01A75513}.Release|Any CPU.ActiveCfg = Release|Any CPU
		{755C907B-A0E7-486E-83E5-AF4E01A75513}.Release|Any CPU.Build.0 = Release|Any CPU
		{8E8B70C4-FFD8-47E2-B8D0-A89E08FB4124}.Debug|Any CPU.ActiveCfg = Debug|Any CPU
		{8E8B70C4-FFD8-47E2-B8D0-A89E08FB4124}.Debug|Any CPU.Build.0 = Debug|Any CPU
		{8E8B70C4-FFD8-47E2-B8D0-A89E08FB4124}.Release|Any CPU.ActiveCfg = Release|Any CPU
		{8E8B70C4-FFD8-47E2-B8D0-A89E08FB4124}.Release|Any CPU.Build.0 = Release|Any CPU
		{C6B64609-D737-435C-8C58-5BF0CE1C9F51}.Debug|Any CPU.ActiveCfg = Debug|Any CPU
		{C6B64609-D737-435C-8C58-5BF0CE1C9F51}.Debug|Any CPU.Build.0 = Debug|Any CPU
		{C6B64609-D737-435C-8C58-5BF0CE1C9F51}.Release|Any CPU.ActiveCfg = Release|Any CPU
		{C6B64609-D737-435C-8C58-5BF0CE1C9F51}.Release|Any CPU.Build.0 = Release|Any CPU
		{D76E76D0-18E9-487E-825A-4C18123A48F4}.Debug|Any CPU.ActiveCfg = Debug|Any CPU
		{D76E76D0-18E9-487E-825A-4C18123A48F4}.Debug|Any CPU.Build.0 = Debug|Any CPU
		{D76E76D0-18E9-487E-825A-4C18123A48F4}.Release|Any CPU.ActiveCfg = Release|Any CPU
		{D76E76D0-18E9-487E-825A-4C18123A48F4}.Release|Any CPU.Build.0 = Release|Any CPU
		{E0596572-FD2D-40F2-83FD-98BA2C53A9D8}.Debug|Any CPU.ActiveCfg = Debug|Any CPU
		{E0596572-FD2D-40F2-83FD-98BA2C53A9D8}.Debug|Any CPU.Build.0 = Debug|Any CPU
		{E0596572-FD2D-40F2-83FD-98BA2C53A9D8}.Release|Any CPU.ActiveCfg = Release|Any CPU
		{E0596572-FD2D-40F2-83FD-98BA2C53A9D8}.Release|Any CPU.Build.0 = Release|Any CPU
	EndGlobalSection
	GlobalSection(NestedProjects) = preSolution
	EndGlobalSection
	GlobalSection(MonoDevelopProperties) = preSolution
		Policies = $0
		$0.TextStylePolicy = $1
		$1.NoTabsAfterNonTabs = True
		$1.inheritsSet = VisualStudio
		$1.inheritsScope = text/plain
		$1.scope = text/x-csharp
		$0.CSharpFormattingPolicy = $2
		$2.IndentSwitchBody = True
		$2.IndentBlocksInsideExpressions = True
		$2.AnonymousMethodBraceStyle = NextLine
		$2.PropertyBraceStyle = NextLine
		$2.PropertyGetBraceStyle = NextLine
		$2.PropertySetBraceStyle = NextLine
		$2.EventBraceStyle = NextLine
		$2.EventAddBraceStyle = NextLine
		$2.EventRemoveBraceStyle = NextLine
		$2.StatementBraceStyle = NextLine
		$2.ElseNewLinePlacement = NewLine
		$2.CatchNewLinePlacement = NewLine
		$2.FinallyNewLinePlacement = NewLine
		$2.WhileNewLinePlacement = DoNotCare
		$2.ArrayInitializerWrapping = DoNotChange
		$2.ArrayInitializerBraceStyle = NextLine
		$2.NewLineBeforeConstructorInitializerColon = NewLine
		$2.NewLineAfterConstructorInitializerColon = SameLine
		$2.AfterDelegateDeclarationParameterComma = True
		$2.BeforeSizeOfParentheses = True
		$2.BeforeTypeOfParentheses = True
		$2.SpacesAfterTypecast = True
		$2.SpacesBeforeArrayDeclarationBrackets = True
		$2.BlankLinesBeforeUsings = 1
		$2.inheritsSet = Mono
		$2.inheritsScope = text/x-csharp
		$2.scope = text/x-csharp
		$0.TextStylePolicy = $3
		$3.FileWidth = 120
		$3.NoTabsAfterNonTabs = True
		$3.inheritsSet = VisualStudio
		$3.inheritsScope = text/plain
		$3.scope = text/plain
		$0.TextStylePolicy = $4
		$4.inheritsSet = null
		$4.scope = text/css
		$0.TextStylePolicy = $5
		$5.inheritsSet = null
		$5.scope = application/x-ascx
		$0.TextStylePolicy = $6
		$6.inheritsSet = null
		$6.scope = application/javascript
		$0.TextStylePolicy = $7
		$7.inheritsSet = null
		$7.scope = text/microsoft-resx
		$0.XmlFormattingPolicy = $8
		$8.inheritsSet = null
		$8.scope = text/microsoft-resx
		$0.TextStylePolicy = $9
		$9.inheritsSet = null
		$9.scope = application/xml
		$0.XmlFormattingPolicy = $10
		$10.inheritsSet = Mono
		$10.inheritsScope = application/xml
		$10.scope = application/xml
		$0.TextStylePolicy = $11
		$11.inheritsSet = null
		$11.scope = application/x-csproject
		$0.XmlFormattingPolicy = $12
		$12.inheritsSet = null
		$12.scope = application/x-csproject
		$0.TextStylePolicy = $13
		$13.inheritsSet = null
		$13.scope = application/x-msbuild
		$0.XmlFormattingPolicy = $14
		$14.inheritsSet = null
		$14.scope = application/x-msbuild
		version = 1.5.1
	EndGlobalSection
EndGlobal
